// !$*UTF8*$!
{
	archiveVersion = 1;
	classes = {
	};
	objectVersion = 55;
	objects = {

/* Begin PBXBuildFile section */
		2301D79A272940EF003472BA /* ItemListView.swift in Sources */ = {isa = PBXBuildFile; fileRef = 2301D799272940EF003472BA /* ItemListView.swift */; };
		2301D79C27294270003472BA /* ProjectSummaryView.swift in Sources */ = {isa = PBXBuildFile; fileRef = 2301D79B27294270003472BA /* ProjectSummaryView.swift */; };
		232F406C271EAF66006505E4 /* Sequence-Extensions.swift in Sources */ = {isa = PBXBuildFile; fileRef = 232F406B271EAF66006505E4 /* Sequence-Extensions.swift */; };
		233900722729A9F10082C7FD /* ItemListViewBody.swift in Sources */ = {isa = PBXBuildFile; fileRef = 233900712729A9F10082C7FD /* ItemListViewBody.swift */; };
		235280112718B15200ACA356 /* CloudKit.framework in Frameworks */ = {isa = PBXBuildFile; fileRef = 235280102718B15200ACA356 /* CloudKit.framework */; };
		235280132718B2E700ACA356 /* HomeView.swift in Sources */ = {isa = PBXBuildFile; fileRef = 235280122718B2E700ACA356 /* HomeView.swift */; };
		235280152718B3E700ACA356 /* ProjectsView.swift in Sources */ = {isa = PBXBuildFile; fileRef = 235280142718B3E700ACA356 /* ProjectsView.swift */; };
		238AC82D2717412F006E1BDC /* BuloApp.swift in Sources */ = {isa = PBXBuildFile; fileRef = 238AC82C2717412F006E1BDC /* BuloApp.swift */; };
		238AC82F2717412F006E1BDC /* ContentView.swift in Sources */ = {isa = PBXBuildFile; fileRef = 238AC82E2717412F006E1BDC /* ContentView.swift */; };
		238AC83127174130006E1BDC /* Assets.xcassets in Resources */ = {isa = PBXBuildFile; fileRef = 238AC83027174130006E1BDC /* Assets.xcassets */; };
		238AC83427174130006E1BDC /* Preview Assets.xcassets in Resources */ = {isa = PBXBuildFile; fileRef = 238AC83327174130006E1BDC /* Preview Assets.xcassets */; };
		238AC83C271741E0006E1BDC /* Main.xcdatamodeld in Sources */ = {isa = PBXBuildFile; fileRef = 238AC83A271741E0006E1BDC /* Main.xcdatamodeld */; };
		238AC83E27174468006E1BDC /* DataController.swift in Sources */ = {isa = PBXBuildFile; fileRef = 238AC83D27174468006E1BDC /* DataController.swift */; };
		23938BEC271F4A1B009920F1 /* DefaultDetailView.swift in Sources */ = {isa = PBXBuildFile; fileRef = 23938BEB271F4A1B009920F1 /* DefaultDetailView.swift */; };
		23B7680B2721476800B1A747 /* Color-Extensions.swift in Sources */ = {isa = PBXBuildFile; fileRef = 23B7680A2721476800B1A747 /* Color-Extensions.swift */; };
		23B784552727D636007ABA29 /* Localizable.strings in Resources */ = {isa = PBXBuildFile; fileRef = 23B784572727D636007ABA29 /* Localizable.strings */; };
		23B784592727DBCD007ABA29 /* Localizable.stringsdict in Resources */ = {isa = PBXBuildFile; fileRef = 23B7845B2727DBCD007ABA29 /* Localizable.stringsdict */; };
		23B7845D2727DCF9007ABA29 /* Awards.json in Resources */ = {isa = PBXBuildFile; fileRef = 23B7845F2727DCF9007ABA29 /* Awards.json */; };
		23BC882F272000C70091EF80 /* Bundle-Decodable.swift in Sources */ = {isa = PBXBuildFile; fileRef = 23BC882E272000C70091EF80 /* Bundle-Decodable.swift */; };
		23BC8831272006960091EF80 /* Award.swift in Sources */ = {isa = PBXBuildFile; fileRef = 23BC8830272006960091EF80 /* Award.swift */; };
		23BC8833272007AC0091EF80 /* AwardsView.swift in Sources */ = {isa = PBXBuildFile; fileRef = 23BC8832272007AC0091EF80 /* AwardsView.swift */; };
		23BE194427195E3800040587 /* Item-CoreDataExtensions.swift in Sources */ = {isa = PBXBuildFile; fileRef = 23BE194327195E3800040587 /* Item-CoreDataExtensions.swift */; };
		23BE194627195E5000040587 /* Project-CoreDataExtensions.swift in Sources */ = {isa = PBXBuildFile; fileRef = 23BE194527195E5000040587 /* Project-CoreDataExtensions.swift */; };
		23C74DDC271B024C00E2E651 /* EditItemView.swift in Sources */ = {isa = PBXBuildFile; fileRef = 23C74DDB271B024C00E2E651 /* EditItemView.swift */; };
		23C74DDE271B062A00E2E651 /* ItemRowView.swift in Sources */ = {isa = PBXBuildFile; fileRef = 23C74DDD271B062A00E2E651 /* ItemRowView.swift */; };
		23C74DE0271B081D00E2E651 /* Binding-Extensions.swift in Sources */ = {isa = PBXBuildFile; fileRef = 23C74DDF271B081D00E2E651 /* Binding-Extensions.swift */; };
		23C74DE2271B0BD800E2E651 /* ProjectHeaderView.swift in Sources */ = {isa = PBXBuildFile; fileRef = 23C74DE1271B0BD800E2E651 /* ProjectHeaderView.swift */; };
		23C74DE4271B0EA200E2E651 /* Colors.xcassets in Resources */ = {isa = PBXBuildFile; fileRef = 23C74DE3271B0EA200E2E651 /* Colors.xcassets */; };
		23C74DE6271B0FBB00E2E651 /* EditProjectView.swift in Sources */ = {isa = PBXBuildFile; fileRef = 23C74DE5271B0FBB00E2E651 /* EditProjectView.swift */; };
		23CE85D8272BC7B00092D8A2 /* Strings.swift in Sources */ = {isa = PBXBuildFile; fileRef = 23CE85D7272BC7B00092D8A2 /* Strings.swift */; };
/* End PBXBuildFile section */

/* Begin PBXFileReference section */
		2301D799272940EF003472BA /* ItemListView.swift */ = {isa = PBXFileReference; lastKnownFileType = sourcecode.swift; path = ItemListView.swift; sourceTree = "<group>"; };
		2301D79B27294270003472BA /* ProjectSummaryView.swift */ = {isa = PBXFileReference; lastKnownFileType = sourcecode.swift; path = ProjectSummaryView.swift; sourceTree = "<group>"; };
		232F406B271EAF66006505E4 /* Sequence-Extensions.swift */ = {isa = PBXFileReference; lastKnownFileType = sourcecode.swift; path = "Sequence-Extensions.swift"; sourceTree = "<group>"; };
		233900712729A9F10082C7FD /* ItemListViewBody.swift */ = {isa = PBXFileReference; lastKnownFileType = sourcecode.swift; path = ItemListViewBody.swift; sourceTree = "<group>"; };
		2352800E2718B0ED00ACA356 /* Bulo.entitlements */ = {isa = PBXFileReference; lastKnownFileType = text.plist.entitlements; path = Bulo.entitlements; sourceTree = "<group>"; };
		235280102718B15200ACA356 /* CloudKit.framework */ = {isa = PBXFileReference; lastKnownFileType = wrapper.framework; name = CloudKit.framework; path = System/Library/Frameworks/CloudKit.framework; sourceTree = SDKROOT; };
		235280122718B2E700ACA356 /* HomeView.swift */ = {isa = PBXFileReference; lastKnownFileType = sourcecode.swift; path = HomeView.swift; sourceTree = "<group>"; };
		235280142718B3E700ACA356 /* ProjectsView.swift */ = {isa = PBXFileReference; lastKnownFileType = sourcecode.swift; path = ProjectsView.swift; sourceTree = "<group>"; };
		238AC8292717412F006E1BDC /* Bulo.app */ = {isa = PBXFileReference; explicitFileType = wrapper.application; includeInIndex = 0; path = Bulo.app; sourceTree = BUILT_PRODUCTS_DIR; };
		238AC82C2717412F006E1BDC /* BuloApp.swift */ = {isa = PBXFileReference; lastKnownFileType = sourcecode.swift; path = BuloApp.swift; sourceTree = "<group>"; };
		238AC82E2717412F006E1BDC /* ContentView.swift */ = {isa = PBXFileReference; lastKnownFileType = sourcecode.swift; path = ContentView.swift; sourceTree = "<group>"; };
		238AC83027174130006E1BDC /* Assets.xcassets */ = {isa = PBXFileReference; lastKnownFileType = folder.assetcatalog; path = Assets.xcassets; sourceTree = "<group>"; };
		238AC83327174130006E1BDC /* Preview Assets.xcassets */ = {isa = PBXFileReference; lastKnownFileType = folder.assetcatalog; path = "Preview Assets.xcassets"; sourceTree = "<group>"; };
		238AC83B271741E0006E1BDC /* Main.xcdatamodel */ = {isa = PBXFileReference; lastKnownFileType = wrapper.xcdatamodel; path = Main.xcdatamodel; sourceTree = "<group>"; };
		238AC83D27174468006E1BDC /* DataController.swift */ = {isa = PBXFileReference; lastKnownFileType = sourcecode.swift; path = DataController.swift; sourceTree = "<group>"; };
		238AC83F27174F9F006E1BDC /* Info.plist */ = {isa = PBXFileReference; lastKnownFileType = text.plist; path = Info.plist; sourceTree = "<group>"; };
		23938BEB271F4A1B009920F1 /* DefaultDetailView.swift */ = {isa = PBXFileReference; lastKnownFileType = sourcecode.swift; path = DefaultDetailView.swift; sourceTree = "<group>"; };
		23B7680A2721476800B1A747 /* Color-Extensions.swift */ = {isa = PBXFileReference; lastKnownFileType = sourcecode.swift; path = "Color-Extensions.swift"; sourceTree = "<group>"; };
		23B784562727D636007ABA29 /* en */ = {isa = PBXFileReference; lastKnownFileType = text.plist.strings; name = en; path = en.lproj/Localizable.strings; sourceTree = "<group>"; };
		23B784582727D63D007ABA29 /* hu */ = {isa = PBXFileReference; lastKnownFileType = text.plist.strings; name = hu; path = hu.lproj/Localizable.strings; sourceTree = "<group>"; };
		23B7845A2727DBCD007ABA29 /* en */ = {isa = PBXFileReference; lastKnownFileType = text.plist.stringsdict; name = en; path = en.lproj/Localizable.stringsdict; sourceTree = "<group>"; };
		23B7845C2727DBED007ABA29 /* hu */ = {isa = PBXFileReference; lastKnownFileType = text.plist.stringsdict; name = hu; path = hu.lproj/Localizable.stringsdict; sourceTree = "<group>"; };
		23B7845E2727DCF9007ABA29 /* en */ = {isa = PBXFileReference; lastKnownFileType = text.json; name = en; path = en.lproj/Awards.json; sourceTree = "<group>"; };
		23B784602727DD01007ABA29 /* hu */ = {isa = PBXFileReference; lastKnownFileType = text.json; name = hu; path = hu.lproj/Awards.json; sourceTree = "<group>"; };
		23BC882E272000C70091EF80 /* Bundle-Decodable.swift */ = {isa = PBXFileReference; lastKnownFileType = sourcecode.swift; path = "Bundle-Decodable.swift"; sourceTree = "<group>"; };
		23BC8830272006960091EF80 /* Award.swift */ = {isa = PBXFileReference; lastKnownFileType = sourcecode.swift; path = Award.swift; sourceTree = "<group>"; };
		23BC8832272007AC0091EF80 /* AwardsView.swift */ = {isa = PBXFileReference; lastKnownFileType = sourcecode.swift; path = AwardsView.swift; sourceTree = "<group>"; };
		23BE194327195E3800040587 /* Item-CoreDataExtensions.swift */ = {isa = PBXFileReference; lastKnownFileType = sourcecode.swift; path = "Item-CoreDataExtensions.swift"; sourceTree = "<group>"; };
		23BE194527195E5000040587 /* Project-CoreDataExtensions.swift */ = {isa = PBXFileReference; lastKnownFileType = sourcecode.swift; path = "Project-CoreDataExtensions.swift"; sourceTree = "<group>"; };
		23C74DDB271B024C00E2E651 /* EditItemView.swift */ = {isa = PBXFileReference; lastKnownFileType = sourcecode.swift; path = EditItemView.swift; sourceTree = "<group>"; };
		23C74DDD271B062A00E2E651 /* ItemRowView.swift */ = {isa = PBXFileReference; lastKnownFileType = sourcecode.swift; path = ItemRowView.swift; sourceTree = "<group>"; };
		23C74DDF271B081D00E2E651 /* Binding-Extensions.swift */ = {isa = PBXFileReference; lastKnownFileType = sourcecode.swift; path = "Binding-Extensions.swift"; sourceTree = "<group>"; };
		23C74DE1271B0BD800E2E651 /* ProjectHeaderView.swift */ = {isa = PBXFileReference; lastKnownFileType = sourcecode.swift; path = ProjectHeaderView.swift; sourceTree = "<group>"; };
		23C74DE3271B0EA200E2E651 /* Colors.xcassets */ = {isa = PBXFileReference; lastKnownFileType = folder.assetcatalog; path = Colors.xcassets; sourceTree = "<group>"; };
		23C74DE5271B0FBB00E2E651 /* EditProjectView.swift */ = {isa = PBXFileReference; lastKnownFileType = sourcecode.swift; path = EditProjectView.swift; sourceTree = "<group>"; };
		23CE85D7272BC7B00092D8A2 /* Strings.swift */ = {isa = PBXFileReference; lastKnownFileType = sourcecode.swift; path = Strings.swift; sourceTree = "<group>"; };
/* End PBXFileReference section */

/* Begin PBXFrameworksBuildPhase section */
		238AC8262717412F006E1BDC /* Frameworks */ = {
			isa = PBXFrameworksBuildPhase;
			buildActionMask = 2147483647;
			files = (
				235280112718B15200ACA356 /* CloudKit.framework in Frameworks */,
			);
			runOnlyForDeploymentPostprocessing = 0;
		};
/* End PBXFrameworksBuildPhase section */

/* Begin PBXGroup section */
		2352800F2718B15200ACA356 /* Frameworks */ = {
			isa = PBXGroup;
			children = (
				235280102718B15200ACA356 /* CloudKit.framework */,
			);
			name = Frameworks;
			sourceTree = "<group>";
		};
		238AC8202717412F006E1BDC = {
			isa = PBXGroup;
			children = (
				238AC82B2717412F006E1BDC /* Bulo */,
				238AC82A2717412F006E1BDC /* Products */,
				2352800F2718B15200ACA356 /* Frameworks */,
			);
			sourceTree = "<group>";
		};
		238AC82A2717412F006E1BDC /* Products */ = {
			isa = PBXGroup;
			children = (
				238AC8292717412F006E1BDC /* Bulo.app */,
			);
			name = Products;
			sourceTree = "<group>";
		};
		238AC82B2717412F006E1BDC /* Bulo */ = {
			isa = PBXGroup;
			children = (
				2352800E2718B0ED00ACA356 /* Bulo.entitlements */,
				238AC83F27174F9F006E1BDC /* Info.plist */,
				238AC82C2717412F006E1BDC /* BuloApp.swift */,
				238AC82E2717412F006E1BDC /* ContentView.swift */,
				235280122718B2E700ACA356 /* HomeView.swift */,
				2301D79B27294270003472BA /* ProjectSummaryView.swift */,
				2301D799272940EF003472BA /* ItemListView.swift */,
				233900712729A9F10082C7FD /* ItemListViewBody.swift */,
				23B784572727D636007ABA29 /* Localizable.strings */,
				23B7845B2727DBCD007ABA29 /* Localizable.stringsdict */,
				235280142718B3E700ACA356 /* ProjectsView.swift */,
				23BC882E272000C70091EF80 /* Bundle-Decodable.swift */,
				23BC8830272006960091EF80 /* Award.swift */,
				23BC8832272007AC0091EF80 /* AwardsView.swift */,
				23938BEB271F4A1B009920F1 /* DefaultDetailView.swift */,
				232F406B271EAF66006505E4 /* Sequence-Extensions.swift */,
				23C74DE1271B0BD800E2E651 /* ProjectHeaderView.swift */,
				23C74DDD271B062A00E2E651 /* ItemRowView.swift */,
				23C74DE5271B0FBB00E2E651 /* EditProjectView.swift */,
				23C74DDB271B024C00E2E651 /* EditItemView.swift */,
				23B7845F2727DCF9007ABA29 /* Awards.json */,
				238AC83A271741E0006E1BDC /* Main.xcdatamodeld */,
				238AC83D27174468006E1BDC /* DataController.swift */,
				23CE85D7272BC7B00092D8A2 /* Strings.swift */,
				23B7680A2721476800B1A747 /* Color-Extensions.swift */,
				23C74DDF271B081D00E2E651 /* Binding-Extensions.swift */,
				23BE194327195E3800040587 /* Item-CoreDataExtensions.swift */,
				23BE194527195E5000040587 /* Project-CoreDataExtensions.swift */,
				238AC83027174130006E1BDC /* Assets.xcassets */,
				23C74DE3271B0EA200E2E651 /* Colors.xcassets */,
				238AC83227174130006E1BDC /* Preview Content */,
			);
			path = Bulo;
			sourceTree = "<group>";
		};
		238AC83227174130006E1BDC /* Preview Content */ = {
			isa = PBXGroup;
			children = (
				238AC83327174130006E1BDC /* Preview Assets.xcassets */,
			);
			path = "Preview Content";
			sourceTree = "<group>";
		};
/* End PBXGroup section */

/* Begin PBXNativeTarget section */
		238AC8282717412F006E1BDC /* Bulo */ = {
			isa = PBXNativeTarget;
			buildConfigurationList = 238AC83727174130006E1BDC /* Build configuration list for PBXNativeTarget "Bulo" */;
			buildPhases = (
				23CCD15D272C13E900D1830D /* SwiftLint */,
				238AC8252717412F006E1BDC /* Sources */,
				238AC8262717412F006E1BDC /* Frameworks */,
				238AC8272717412F006E1BDC /* Resources */,
			);
			buildRules = (
			);
			dependencies = (
			);
			name = Bulo;
			productName = Bulo;
			productReference = 238AC8292717412F006E1BDC /* Bulo.app */;
			productType = "com.apple.product-type.application";
		};
/* End PBXNativeTarget section */

/* Begin PBXProject section */
		238AC8212717412F006E1BDC /* Project object */ = {
			isa = PBXProject;
			attributes = {
				BuildIndependentTargetsInParallel = 1;
				LastSwiftUpdateCheck = 1300;
				LastUpgradeCheck = 1310;
				TargetAttributes = {
					238AC8282717412F006E1BDC = {
						CreatedOnToolsVersion = 13.0;
					};
				};
			};
			buildConfigurationList = 238AC8242717412F006E1BDC /* Build configuration list for PBXProject "Bulo" */;
			compatibilityVersion = "Xcode 13.0";
			developmentRegion = en;
			hasScannedForEncodings = 0;
			knownRegions = (
				en,
				Base,
				hu,
			);
			mainGroup = 238AC8202717412F006E1BDC;
			productRefGroup = 238AC82A2717412F006E1BDC /* Products */;
			projectDirPath = "";
			projectRoot = "";
			targets = (
				238AC8282717412F006E1BDC /* Bulo */,
			);
		};
/* End PBXProject section */

/* Begin PBXResourcesBuildPhase section */
		238AC8272717412F006E1BDC /* Resources */ = {
			isa = PBXResourcesBuildPhase;
			buildActionMask = 2147483647;
			files = (
				23B784552727D636007ABA29 /* Localizable.strings in Resources */,
				23C74DE4271B0EA200E2E651 /* Colors.xcassets in Resources */,
				23B7845D2727DCF9007ABA29 /* Awards.json in Resources */,
				238AC83427174130006E1BDC /* Preview Assets.xcassets in Resources */,
				238AC83127174130006E1BDC /* Assets.xcassets in Resources */,
				23B784592727DBCD007ABA29 /* Localizable.stringsdict in Resources */,
			);
			runOnlyForDeploymentPostprocessing = 0;
		};
/* End PBXResourcesBuildPhase section */

/* Begin PBXShellScriptBuildPhase section */
		23CCD15D272C13E900D1830D /* SwiftLint */ = {
			isa = PBXShellScriptBuildPhase;
			buildActionMask = 2147483647;
			files = (
			);
			inputFileListPaths = (
			);
			inputPaths = (
			);
			name = SwiftLint;
			outputFileListPaths = (
			);
			outputPaths = (
			);
			runOnlyForDeploymentPostprocessing = 0;
			shellPath = /bin/sh;
			shellScript = "if test -d \"/opt/homebrew/bin/\"; then\n  PATH=\"/opt/homebrew/bin/:${PATH}\"\nfi\n\nexport PATH\n\nif which swiftlint >/dev/null; then\n  swiftlint\nelse\n  echo \"warning: SwiftLint not installed, download from https://github.com/realm/SwiftLint\"\nfi\n";
		};
/* End PBXShellScriptBuildPhase section */

/* Begin PBXSourcesBuildPhase section */
		238AC8252717412F006E1BDC /* Sources */ = {
			isa = PBXSourcesBuildPhase;
			buildActionMask = 2147483647;
			files = (
				23938BEC271F4A1B009920F1 /* DefaultDetailView.swift in Sources */,
				2301D79C27294270003472BA /* ProjectSummaryView.swift in Sources */,
				232F406C271EAF66006505E4 /* Sequence-Extensions.swift in Sources */,
				23BC8833272007AC0091EF80 /* AwardsView.swift in Sources */,
				235280152718B3E700ACA356 /* ProjectsView.swift in Sources */,
				23C74DE2271B0BD800E2E651 /* ProjectHeaderView.swift in Sources */,
				238AC83C271741E0006E1BDC /* Main.xcdatamodeld in Sources */,
				23BE194427195E3800040587 /* Item-CoreDataExtensions.swift in Sources */,
				23C74DE6271B0FBB00E2E651 /* EditProjectView.swift in Sources */,
				233900722729A9F10082C7FD /* ItemListViewBody.swift in Sources */,
				23BC8831272006960091EF80 /* Award.swift in Sources */,
				238AC83E27174468006E1BDC /* DataController.swift in Sources */,
				23C74DDE271B062A00E2E651 /* ItemRowView.swift in Sources */,
				23BE194627195E5000040587 /* Project-CoreDataExtensions.swift in Sources */,
				238AC82F2717412F006E1BDC /* ContentView.swift in Sources */,
				23BC882F272000C70091EF80 /* Bundle-Decodable.swift in Sources */,
				235280132718B2E700ACA356 /* HomeView.swift in Sources */,
				2301D79A272940EF003472BA /* ItemListView.swift in Sources */,
				238AC82D2717412F006E1BDC /* BuloApp.swift in Sources */,
				23C74DE0271B081D00E2E651 /* Binding-Extensions.swift in Sources */,
				23C74DDC271B024C00E2E651 /* EditItemView.swift in Sources */,
				23B7680B2721476800B1A747 /* Color-Extensions.swift in Sources */,
				23CE85D8272BC7B00092D8A2 /* Strings.swift in Sources */,
			);
			runOnlyForDeploymentPostprocessing = 0;
		};
/* End PBXSourcesBuildPhase section */

/* Begin PBXVariantGroup section */
		23B784572727D636007ABA29 /* Localizable.strings */ = {
			isa = PBXVariantGroup;
			children = (
				23B784562727D636007ABA29 /* en */,
				23B784582727D63D007ABA29 /* hu */,
			);
			name = Localizable.strings;
			sourceTree = "<group>";
		};
		23B7845B2727DBCD007ABA29 /* Localizable.stringsdict */ = {
			isa = PBXVariantGroup;
			children = (
				23B7845A2727DBCD007ABA29 /* en */,
				23B7845C2727DBED007ABA29 /* hu */,
			);
			name = Localizable.stringsdict;
			sourceTree = "<group>";
		};
		23B7845F2727DCF9007ABA29 /* Awards.json */ = {
			isa = PBXVariantGroup;
			children = (
				23B7845E2727DCF9007ABA29 /* en */,
				23B784602727DD01007ABA29 /* hu */,
			);
			name = Awards.json;
			sourceTree = SOURCE_ROOT;
		};
/* End PBXVariantGroup section */

/* Begin XCBuildConfiguration section */
		238AC83527174130006E1BDC /* Debug */ = {
			isa = XCBuildConfiguration;
			buildSettings = {
				ALWAYS_SEARCH_USER_PATHS = NO;
				CLANG_ANALYZER_LOCALIZABILITY_NONLOCALIZED = YES;
				CLANG_ANALYZER_NONNULL = YES;
				CLANG_ANALYZER_NUMBER_OBJECT_CONVERSION = YES_AGGRESSIVE;
				CLANG_CXX_LANGUAGE_STANDARD = "gnu++17";
				CLANG_CXX_LIBRARY = "libc++";
				CLANG_ENABLE_MODULES = YES;
				CLANG_ENABLE_OBJC_ARC = YES;
				CLANG_ENABLE_OBJC_WEAK = YES;
				CLANG_WARN_BLOCK_CAPTURE_AUTORELEASING = YES;
				CLANG_WARN_BOOL_CONVERSION = YES;
				CLANG_WARN_COMMA = YES;
				CLANG_WARN_CONSTANT_CONVERSION = YES;
				CLANG_WARN_DEPRECATED_OBJC_IMPLEMENTATIONS = YES;
				CLANG_WARN_DIRECT_OBJC_ISA_USAGE = YES_ERROR;
				CLANG_WARN_DOCUMENTATION_COMMENTS = YES;
				CLANG_WARN_EMPTY_BODY = YES;
				CLANG_WARN_ENUM_CONVERSION = YES;
				CLANG_WARN_INFINITE_RECURSION = YES;
				CLANG_WARN_INT_CONVERSION = YES;
				CLANG_WARN_NON_LITERAL_NULL_CONVERSION = YES;
				CLANG_WARN_OBJC_IMPLICIT_RETAIN_SELF = YES;
				CLANG_WARN_OBJC_LITERAL_CONVERSION = YES;
				CLANG_WARN_OBJC_ROOT_CLASS = YES_ERROR;
				CLANG_WARN_QUOTED_INCLUDE_IN_FRAMEWORK_HEADER = YES;
				CLANG_WARN_RANGE_LOOP_ANALYSIS = YES;
				CLANG_WARN_STRICT_PROTOTYPES = YES;
				CLANG_WARN_SUSPICIOUS_MOVE = YES;
				CLANG_WARN_UNGUARDED_AVAILABILITY = YES_AGGRESSIVE;
				CLANG_WARN_UNREACHABLE_CODE = YES;
				CLANG_WARN__DUPLICATE_METHOD_MATCH = YES;
				COPY_PHASE_STRIP = NO;
				DEBUG_INFORMATION_FORMAT = dwarf;
				ENABLE_STRICT_OBJC_MSGSEND = YES;
				ENABLE_TESTABILITY = YES;
				GCC_C_LANGUAGE_STANDARD = gnu11;
				GCC_DYNAMIC_NO_PIC = NO;
				GCC_NO_COMMON_BLOCKS = YES;
				GCC_OPTIMIZATION_LEVEL = 0;
				GCC_PREPROCESSOR_DEFINITIONS = (
					"DEBUG=1",
					"$(inherited)",
				);
				GCC_WARN_64_TO_32_BIT_CONVERSION = YES;
				GCC_WARN_ABOUT_RETURN_TYPE = YES_ERROR;
				GCC_WARN_UNDECLARED_SELECTOR = YES;
				GCC_WARN_UNINITIALIZED_AUTOS = YES_AGGRESSIVE;
				GCC_WARN_UNUSED_FUNCTION = YES;
				GCC_WARN_UNUSED_VARIABLE = YES;
				IPHONEOS_DEPLOYMENT_TARGET = 15.0;
				MTL_ENABLE_DEBUG_INFO = INCLUDE_SOURCE;
				MTL_FAST_MATH = YES;
				ONLY_ACTIVE_ARCH = YES;
				SDKROOT = iphoneos;
				SWIFT_ACTIVE_COMPILATION_CONDITIONS = DEBUG;
				SWIFT_OPTIMIZATION_LEVEL = "-Onone";
			};
			name = Debug;
		};
		238AC83627174130006E1BDC /* Release */ = {
			isa = XCBuildConfiguration;
			buildSettings = {
				ALWAYS_SEARCH_USER_PATHS = NO;
				CLANG_ANALYZER_LOCALIZABILITY_NONLOCALIZED = YES;
				CLANG_ANALYZER_NONNULL = YES;
				CLANG_ANALYZER_NUMBER_OBJECT_CONVERSION = YES_AGGRESSIVE;
				CLANG_CXX_LANGUAGE_STANDARD = "gnu++17";
				CLANG_CXX_LIBRARY = "libc++";
				CLANG_ENABLE_MODULES = YES;
				CLANG_ENABLE_OBJC_ARC = YES;
				CLANG_ENABLE_OBJC_WEAK = YES;
				CLANG_WARN_BLOCK_CAPTURE_AUTORELEASING = YES;
				CLANG_WARN_BOOL_CONVERSION = YES;
				CLANG_WARN_COMMA = YES;
				CLANG_WARN_CONSTANT_CONVERSION = YES;
				CLANG_WARN_DEPRECATED_OBJC_IMPLEMENTATIONS = YES;
				CLANG_WARN_DIRECT_OBJC_ISA_USAGE = YES_ERROR;
				CLANG_WARN_DOCUMENTATION_COMMENTS = YES;
				CLANG_WARN_EMPTY_BODY = YES;
				CLANG_WARN_ENUM_CONVERSION = YES;
				CLANG_WARN_INFINITE_RECURSION = YES;
				CLANG_WARN_INT_CONVERSION = YES;
				CLANG_WARN_NON_LITERAL_NULL_CONVERSION = YES;
				CLANG_WARN_OBJC_IMPLICIT_RETAIN_SELF = YES;
				CLANG_WARN_OBJC_LITERAL_CONVERSION = YES;
				CLANG_WARN_OBJC_ROOT_CLASS = YES_ERROR;
				CLANG_WARN_QUOTED_INCLUDE_IN_FRAMEWORK_HEADER = YES;
				CLANG_WARN_RANGE_LOOP_ANALYSIS = YES;
				CLANG_WARN_STRICT_PROTOTYPES = YES;
				CLANG_WARN_SUSPICIOUS_MOVE = YES;
				CLANG_WARN_UNGUARDED_AVAILABILITY = YES_AGGRESSIVE;
				CLANG_WARN_UNREACHABLE_CODE = YES;
				CLANG_WARN__DUPLICATE_METHOD_MATCH = YES;
				COPY_PHASE_STRIP = NO;
				DEBUG_INFORMATION_FORMAT = "dwarf-with-dsym";
				ENABLE_NS_ASSERTIONS = NO;
				ENABLE_STRICT_OBJC_MSGSEND = YES;
				GCC_C_LANGUAGE_STANDARD = gnu11;
				GCC_NO_COMMON_BLOCKS = YES;
				GCC_WARN_64_TO_32_BIT_CONVERSION = YES;
				GCC_WARN_ABOUT_RETURN_TYPE = YES_ERROR;
				GCC_WARN_UNDECLARED_SELECTOR = YES;
				GCC_WARN_UNINITIALIZED_AUTOS = YES_AGGRESSIVE;
				GCC_WARN_UNUSED_FUNCTION = YES;
				GCC_WARN_UNUSED_VARIABLE = YES;
				IPHONEOS_DEPLOYMENT_TARGET = 15.0;
				MTL_ENABLE_DEBUG_INFO = NO;
				MTL_FAST_MATH = YES;
				SDKROOT = iphoneos;
				SWIFT_COMPILATION_MODE = wholemodule;
				SWIFT_OPTIMIZATION_LEVEL = "-O";
				VALIDATE_PRODUCT = YES;
			};
			name = Release;
		};
		238AC83827174130006E1BDC /* Debug */ = {
			isa = XCBuildConfiguration;
			buildSettings = {
				ASSETCATALOG_COMPILER_APPICON_NAME = AppIcon;
				ASSETCATALOG_COMPILER_GLOBAL_ACCENT_COLOR_NAME = AccentColor;
				CODE_SIGN_ENTITLEMENTS = Bulo/Bulo.entitlements;
				CODE_SIGN_STYLE = Automatic;
				CURRENT_PROJECT_VERSION = 1;
				DEVELOPMENT_ASSET_PATHS = "\"Bulo/Preview Content\"";
				DEVELOPMENT_TEAM = 52R27K29BJ;
				ENABLE_PREVIEWS = YES;
				GENERATE_INFOPLIST_FILE = YES;
				INFOPLIST_FILE = Bulo/Info.plist;
				INFOPLIST_KEY_UIApplicationSceneManifest_Generation = YES;
				INFOPLIST_KEY_UIApplicationSupportsIndirectInputEvents = YES;
				INFOPLIST_KEY_UILaunchScreen_Generation = YES;
				INFOPLIST_KEY_UISupportedInterfaceOrientations_iPad = "UIInterfaceOrientationPortrait UIInterfaceOrientationPortraitUpsideDown UIInterfaceOrientationLandscapeLeft UIInterfaceOrientationLandscapeRight";
				INFOPLIST_KEY_UISupportedInterfaceOrientations_iPhone = "UIInterfaceOrientationPortrait UIInterfaceOrientationLandscapeLeft UIInterfaceOrientationLandscapeRight";
				IPHONEOS_DEPLOYMENT_TARGET = 14.0;
				LD_RUNPATH_SEARCH_PATHS = (
					"$(inherited)",
					"@executable_path/Frameworks",
				);
				MARKETING_VERSION = 1.0;
				PRODUCT_BUNDLE_IDENTIFIER = com.theanteambulo.Bulo;
				PRODUCT_NAME = "$(TARGET_NAME)";
				SWIFT_EMIT_LOC_STRINGS = YES;
				SWIFT_VERSION = 5.0;
				TARGETED_DEVICE_FAMILY = "1,2";
			};
			name = Debug;
		};
		238AC83927174130006E1BDC /* Release */ = {
			isa = XCBuildConfiguration;
			buildSettings = {
				ASSETCATALOG_COMPILER_APPICON_NAME = AppIcon;
				ASSETCATALOG_COMPILER_GLOBAL_ACCENT_COLOR_NAME = AccentColor;
				CODE_SIGN_ENTITLEMENTS = Bulo/Bulo.entitlements;
				CODE_SIGN_STYLE = Automatic;
				CURRENT_PROJECT_VERSION = 1;
				DEVELOPMENT_ASSET_PATHS = "\"Bulo/Preview Content\"";
				DEVELOPMENT_TEAM = 52R27K29BJ;
				ENABLE_PREVIEWS = YES;
				GENERATE_INFOPLIST_FILE = YES;
				INFOPLIST_FILE = Bulo/Info.plist;
				INFOPLIST_KEY_UIApplicationSceneManifest_Generation = YES;
				INFOPLIST_KEY_UIApplicationSupportsIndirectInputEvents = YES;
				INFOPLIST_KEY_UILaunchScreen_Generation = YES;
				INFOPLIST_KEY_UISupportedInterfaceOrientations_iPad = "UIInterfaceOrientationPortrait UIInterfaceOrientationPortraitUpsideDown UIInterfaceOrientationLandscapeLeft UIInterfaceOrientationLandscapeRight";
				INFOPLIST_KEY_UISupportedInterfaceOrientations_iPhone = "UIInterfaceOrientationPortrait UIInterfaceOrientationLandscapeLeft UIInterfaceOrientationLandscapeRight";
				IPHONEOS_DEPLOYMENT_TARGET = 14.0;
				LD_RUNPATH_SEARCH_PATHS = (
					"$(inherited)",
					"@executable_path/Frameworks",
				);
				MARKETING_VERSION = 1.0;
				PRODUCT_BUNDLE_IDENTIFIER = com.theanteambulo.Bulo;
				PRODUCT_NAME = "$(TARGET_NAME)";
				SWIFT_EMIT_LOC_STRINGS = YES;
				SWIFT_VERSION = 5.0;
				TARGETED_DEVICE_FAMILY = "1,2";
			};
			name = Release;
		};
/* End XCBuildConfiguration section */

/* Begin XCConfigurationList section */
		238AC8242717412F006E1BDC /* Build configuration list for PBXProject "Bulo" */ = {
			isa = XCConfigurationList;
			buildConfigurations = (
				238AC83527174130006E1BDC /* Debug */,
				238AC83627174130006E1BDC /* Release */,
			);
			defaultConfigurationIsVisible = 0;
			defaultConfigurationName = Release;
		};
		238AC83727174130006E1BDC /* Build configuration list for PBXNativeTarget "Bulo" */ = {
			isa = XCConfigurationList;
			buildConfigurations = (
				238AC83827174130006E1BDC /* Debug */,
				238AC83927174130006E1BDC /* Release */,
			);
			defaultConfigurationIsVisible = 0;
			defaultConfigurationName = Release;
		};
/* End XCConfigurationList section */

/* Begin XCVersionGroup section */
		238AC83A271741E0006E1BDC /* Main.xcdatamodeld */ = {
			isa = XCVersionGroup;
			children = (
				238AC83B271741E0006E1BDC /* Main.xcdatamodel */,
			);
			currentVersion = 238AC83B271741E0006E1BDC /* Main.xcdatamodel */;
			path = Main.xcdatamodeld;
			sourceTree = "<group>";
			versionGroupType = wrapper.xcdatamodel;
		};
/* End XCVersionGroup section */
	};
	rootObject = 238AC8212717412F006E1BDC /* Project object */;
}
